# THIS IS AN AUTOGENERATED FILE. DO NOT EDIT THIS FILE DIRECTLY.
# yarn lockfile v1

http-server@^14.1.1:
  version "14.1.1"
  resolved "https://registry.yarnpkg.com/http-server/-/http-server-14.1.1.tgz"
  integrity sha512-+c4e6Yfbc5JCS09z+9gt5uDzML8f7DZ6QWBZY+qy2E+6wuqvcf6edqavl6inJ9I+Z4Odzs3elDd8YNeS82TjTSA==
  dependencies:
    basic-auth "~2.0.1"
    colors "1.4.0"
    corser "~2.0.1"
    he "1.2.0"
    http-proxy "~1.18.1"
    mime "~2.6.0"
    opener "~1.5.2"
    portfinder "~1.0.28"
    secure-compare "3.0.1"
    union "~0.5.0"
    url-join "~4.0.1"
