# THIS IS AN AUTOGENERATED FILE. DO NOT EDIT THIS FILE DIRECTLY.
# yarn lockfile v1


http-server@14.1.1:
  version "14.1.1"
  resolved "https://registry.yarnpkg.com/http-server/-/http-server-14.1.1.tgz"
  integrity sha512-+cbxadF40UXd9T01zUHgA+rlo2Bg1Srer4+B4NwIHdaGxAGGv59nYRnGGDJ9LBk7alpS0US+J+bLLdQOOkJq4A==
  dependencies:
    basic-auth "~2.0.1"
    colors "1.4.0"
    corser "~2.0.1"
    he "1.2.0"
    http-proxy "~1.18.1"
    mime "1.6.0"
    opener "~1.5.2"
    portfinder "~1.0.28"
    secure-compare "3.0.1"
    union "~0.5.0"
    url-join "~4.0.1"
